
Microsoft Visual Studio Solution File, Format Version 12.00
# Visual Studio Version 17
VisualStudioVersion = 17.10.34928.147
MinimumVisualStudioVersion = 10.0.40219.1
Project("{2150E333-8FDC-42A3-9474-1A3956D46DE8}") = "src", "src", "{945C89E4-8B23-4647-B9D4-A686832751FE}"
EndProject
Project("{2150E333-8FDC-42A3-9474-1A3956D46DE8}") = "tests", "tests", "{9EBE9D35-EE29-43AD-A0F0-2813B788A8E1}"
EndProject
Project("{9A19103F-16F7-4668-BE54-9A1E7A4F7556}") = "Jarc", "Jarc\Jarc.csproj", "{CE489D6B-FDF2-43C6-9CE6-61FEB5B1EB3B}"
EndProject
Project("{9A19103F-16F7-4668-BE54-9A1E7A4F7556}") = "Jarc.UnitTests", "..\tests\Jarc.UnitTests\Jarc.UnitTests.csproj", "{C6F5919F-DAE8-48AF-ABFA-92E976BD05E9}"
EndProject
Global
	GlobalSection(SolutionConfigurationPlatforms) = preSolution
		Debug|Any CPU = Debug|Any CPU
		Release|Any CPU = Release|Any CPU
	EndGlobalSection
	GlobalSection(ProjectConfigurationPlatforms) = postSolution
		{CE489D6B-FDF2-43C6-9CE6-61FEB5B1EB3B}.Debug|Any CPU.ActiveCfg = Debug|Any CPU
		{CE489D6B-FDF2-43C6-9CE6-61FEB5B1EB3B}.Debug|Any CPU.Build.0 = Debug|Any CPU
		{CE489D6B-FDF2-43C6-9CE6-61FEB5B1EB3B}.Release|Any CPU.ActiveCfg = Release|Any CPU
		{CE489D6B-FDF2-43C6-9CE6-61FEB5B1EB3B}.Release|Any CPU.Build.0 = Release|Any CPU
		{C6F5919F-DAE8-48AF-ABFA-92E976BD05E9}.Debug|Any CPU.ActiveCfg = Debug|Any CPU
		{C6F5919F-DAE8-48AF-ABFA-92E976BD05E9}.Debug|Any CPU.Build.0 = Debug|Any CPU
		{C6F5919F-DAE8-48AF-ABFA-92E976BD05E9}.Release|Any CPU.ActiveCfg = Release|Any CPU
		{C6F5919F-DAE8-48AF-ABFA-92E976BD05E9}.Release|Any CPU.Build.0 = Release|Any CPU
	EndGlobalSection
	GlobalSection(SolutionProperties) = preSolution
		HideSolutionNode = FALSE
	EndGlobalSection
	GlobalSection(NestedProjects) = preSolution
		{CE489D6B-FDF2-43C6-9CE6-61FEB5B1EB3B} = {945C89E4-8B23-4647-B9D4-A686832751FE}
		{C6F5919F-DAE8-48AF-ABFA-92E976BD05E9} = {9EBE9D35-EE29-43AD-A0F0-2813B788A8E1}
	EndGlobalSection
	GlobalSection(ExtensibilityGlobals) = postSolution
		SolutionGuid = {DBCD0E58-B73C-4FCF-848E-83CFF289204D}
	EndGlobalSection
EndGlobal
